
Microsoft Visual Studio Solution File, Format Version 12.00
# Visual Studio 15
VisualStudioVersion = 15.0.28307.779
MinimumVisualStudioVersion = 10.0.40219.1
Project("{FAE04EC0-301F-11D3-BF4B-00C04F79EFBC}") = "Day1A", "Day1\Day1A.csproj", "{CD1283D7-3053-440E-86ED-A24DDA8110A1}"
EndProject
Project("{FAE04EC0-301F-11D3-BF4B-00C04F79EFBC}") = "Day1B", "Day1B\Day1B.csproj", "{963CBB66-F59B-4FBE-94B5-9838243C397B}"
EndProject
Global
	GlobalSection(SolutionConfigurationPlatforms) = preSolution
		Debug|Any CPU = Debug|Any CPU
		Release|Any CPU = Release|Any CPU
	EndGlobalSection
	GlobalSection(ProjectConfigurationPlatforms) = postSolution
		{CD1283D7-3053-440E-86ED-A24DDA8110A1}.Debug|Any CPU.ActiveCfg = Debug|Any CPU
		{CD1283D7-3053-440E-86ED-A24DDA8110A1}.Debug|Any CPU.Build.0 = Debug|Any CPU
		{CD1283D7-3053-440E-86ED-A24DDA8110A1}.Release|Any CPU.ActiveCfg = Release|Any CPU
		{CD1283D7-3053-440E-86ED-A24DDA8110A1}.Release|Any CPU.Build.0 = Release|Any CPU
		{963CBB66-F59B-4FBE-94B5-9838243C397B}.Debug|Any CPU.ActiveCfg = Debug|Any CPU
		{963CBB66-F59B-4FBE-94B5-9838243C397B}.Debug|Any CPU.Build.0 = Debug|Any CPU
		{963CBB66-F59B-4FBE-94B5-9838243C397B}.Release|Any CPU.ActiveCfg = Release|Any CPU
		{963CBB66-F59B-4FBE-94B5-9838243C397B}.Release|Any CPU.Build.0 = Release|Any CPU
	EndGlobalSection
	GlobalSection(SolutionProperties) = preSolution
		HideSolutionNode = FALSE
	EndGlobalSection
	GlobalSection(ExtensibilityGlobals) = postSolution
		SolutionGuid = {9F4B7C55-09B0-4854-A657-6E650DF2AC04}
	EndGlobalSection
EndGlobal
